// !$*UTF8*$!
{
	archiveVersion = 1;
	classes = {
	};
	objectVersion = 46;
	objects = {

/* Begin PBXBuildFile section */
		9A344188171DA0BE0057B815 /* iPadStoryboard.storyboard in Resources */ = {isa = PBXBuildFile; fileRef = 9A344187171DA0BE0057B815 /* iPadStoryboard.storyboard */; };
		9A4A75B4172870D5007172DF /* minionproboldit.ttf in Resources */ = {isa = PBXBuildFile; fileRef = 9A4A757E172870D5007172DF /* minionproboldit.ttf */; };
		9A4A75B5172870D5007172DF /* minionproit.ttf in Resources */ = {isa = PBXBuildFile; fileRef = 9A4A757F172870D5007172DF /* minionproit.ttf */; };
		9A4A75B6172870D5007172DF /* minionpromedium.ttf in Resources */ = {isa = PBXBuildFile; fileRef = 9A4A7580172870D5007172DF /* minionpromedium.ttf */; };
		9A4A75B7172870D5007172DF /* minionpromediumit.ttf in Resources */ = {isa = PBXBuildFile; fileRef = 9A4A7581172870D5007172DF /* minionpromediumit.ttf */; };
		9A4A75B8172870D5007172DF /* minionproregular.ttf in Resources */ = {isa = PBXBuildFile; fileRef = 9A4A7582172870D5007172DF /* minionproregular.ttf */; };
		9A4A75B9172870D5007172DF /* minionprosemibold.ttf in Resources */ = {isa = PBXBuildFile; fileRef = 9A4A7583172870D5007172DF /* minionprosemibold.ttf */; };
		9A4A75BA172870D5007172DF /* minionprosemiboldit.ttf in Resources */ = {isa = PBXBuildFile; fileRef = 9A4A7584172870D5007172DF /* minionprosemiboldit.ttf */; };
		9A4A75BB172870D5007172DF /* MyriadPro-CondIt.otf in Resources */ = {isa = PBXBuildFile; fileRef = 9A4A7586172870D5007172DF /* MyriadPro-CondIt.otf */; };
		9A4A75BC172870D5007172DF /* MyriadPro-It.otf in Resources */ = {isa = PBXBuildFile; fileRef = 9A4A7587172870D5007172DF /* MyriadPro-It.otf */; };
		9A4A75BD172870D5007172DF /* MyriadPro-Regular.otf in Resources */ = {isa = PBXBuildFile; fileRef = 9A4A7588172870D5007172DF /* MyriadPro-Regular.otf */; };
		9A4A75BE172870D5007172DF /* MyriadPro-Semibold.otf in Resources */ = {isa = PBXBuildFile; fileRef = 9A4A7589172870D5007172DF /* MyriadPro-Semibold.otf */; };
		9A4A75BF172870D5007172DF /* MyriadPro-SemiboldIt.otf in Resources */ = {isa = PBXBuildFile; fileRef = 9A4A758A172870D5007172DF /* MyriadPro-SemiboldIt.otf */; };
		9A4A75C0172870D5007172DF /* minionproboldit.ttf in Resources */ = {isa = PBXBuildFile; fileRef = 9A4A758D172870D5007172DF /* minionproboldit.ttf */; };
		9A4A75C1172870D5007172DF /* minionproit.ttf in Resources */ = {isa = PBXBuildFile; fileRef = 9A4A758E172870D5007172DF /* minionproit.ttf */; };
		9A4A75C2172870D5007172DF /* minionpromedium.ttf in Resources */ = {isa = PBXBuildFile; fileRef = 9A4A758F172870D5007172DF /* minionpromedium.ttf */; };
		9A4A75C3172870D5007172DF /* minionpromediumit.ttf in Resources */ = {isa = PBXBuildFile; fileRef = 9A4A7590172870D5007172DF /* minionpromediumit.ttf */; };
		9A4A75C4172870D5007172DF /* minionproregular.ttf in Resources */ = {isa = PBXBuildFile; fileRef = 9A4A7591172870D5007172DF /* minionproregular.ttf */; };
		9A4A75C5172870D5007172DF /* minionprosemibold.ttf in Resources */ = {isa = PBXBuildFile; fileRef = 9A4A7592172870D5007172DF /* minionprosemibold.ttf */; };
		9A4A75C6172870D5007172DF /* minionprosemiboldit.ttf in Resources */ = {isa = PBXBuildFile; fileRef = 9A4A7593172870D5007172DF /* minionprosemiboldit.ttf */; };
		9A4A75C7172870D5007172DF /* MyriadPro-Bold.otf in Resources */ = {isa = PBXBuildFile; fileRef = 9A4A7595172870D5007172DF /* MyriadPro-Bold.otf */; };
		9A4A75C8172870D5007172DF /* MyriadPro-BoldCond.otf in Resources */ = {isa = PBXBuildFile; fileRef = 9A4A7596172870D5007172DF /* MyriadPro-BoldCond.otf */; };
		9A4A75C9172870D5007172DF /* MyriadPro-BoldCondIt.otf in Resources */ = {isa = PBXBuildFile; fileRef = 9A4A7597172870D5007172DF /* MyriadPro-BoldCondIt.otf */; };
		9A4A75CA172870D5007172DF /* MyriadPro-BoldIt.otf in Resources */ = {isa = PBXBuildFile; fileRef = 9A4A7598172870D5007172DF /* MyriadPro-BoldIt.otf */; };
		9A4A75CB172870D5007172DF /* MyriadPro-Cond.otf in Resources */ = {isa = PBXBuildFile; fileRef = 9A4A7599172870D5007172DF /* MyriadPro-Cond.otf */; };
		9A4A75CC172870D5007172DF /* MyriadPro-CondIt.otf in Resources */ = {isa = PBXBuildFile; fileRef = 9A4A759A172870D5007172DF /* MyriadPro-CondIt.otf */; };
		9A4A75CD172870D5007172DF /* MyriadPro-It.otf in Resources */ = {isa = PBXBuildFile; fileRef = 9A4A759B172870D5007172DF /* MyriadPro-It.otf */; };
		9A4A75CE172870D5007172DF /* MyriadPro-Regular.otf in Resources */ = {isa = PBXBuildFile; fileRef = 9A4A759C172870D5007172DF /* MyriadPro-Regular.otf */; };
		9A4A75CF172870D5007172DF /* MyriadPro-Semibold.otf in Resources */ = {isa = PBXBuildFile; fileRef = 9A4A759D172870D5007172DF /* MyriadPro-Semibold.otf */; };
		9A4A75D0172870D5007172DF /* MyriadPro-SemiboldIt.otf in Resources */ = {isa = PBXBuildFile; fileRef = 9A4A759E172870D5007172DF /* MyriadPro-SemiboldIt.otf */; };
		9A4A75D1172870D5007172DF /* Icon-72.png in Resources */ = {isa = PBXBuildFile; fileRef = 9A4A75A0172870D5007172DF /* Icon-72.png */; };
		9A4A75D2172870D5007172DF /* Icon-72@2x.png in Resources */ = {isa = PBXBuildFile; fileRef = 9A4A75A1172870D5007172DF /* Icon-72@2x.png */; };
		9A4A75D3172870D5007172DF /* Icon-Small-50.png in Resources */ = {isa = PBXBuildFile; fileRef = 9A4A75A2172870D5007172DF /* Icon-Small-50.png */; };
		9A4A75D4172870D5007172DF /* Icon-Small-50@2x.png in Resources */ = {isa = PBXBuildFile; fileRef = 9A4A75A3172870D5007172DF /* Icon-Small-50@2x.png */; };
		9A4A75D5172870D5007172DF /* Icon-Small.png in Resources */ = {isa = PBXBuildFile; fileRef = 9A4A75A4172870D5007172DF /* Icon-Small.png */; };
		9A4A75D6172870D5007172DF /* Icon-Small@2x.png in Resources */ = {isa = PBXBuildFile; fileRef = 9A4A75A5172870D5007172DF /* Icon-Small@2x.png */; };
		9A4A75D7172870D5007172DF /* Icon.png in Resources */ = {isa = PBXBuildFile; fileRef = 9A4A75A6172870D5007172DF /* Icon.png */; };
		9A4A75D8172870D5007172DF /* Icon@2x.png in Resources */ = {isa = PBXBuildFile; fileRef = 9A4A75A7172870D5007172DF /* Icon@2x.png */; };
		9A4A75D9172870D5007172DF /* iTunesArtwork.png in Resources */ = {isa = PBXBuildFile; fileRef = 9A4A75A8172870D5007172DF /* iTunesArtwork.png */; };
		9A4A75DA172870D5007172DF /* iTunesArtwork@2x.png in Resources */ = {isa = PBXBuildFile; fileRef = 9A4A75A9172870D5007172DF /* iTunesArtwork@2x.png */; };
		9A4A75DB172870D5007172DF /* Logo.png in Resources */ = {isa = PBXBuildFile; fileRef = 9A4A75AB172870D5007172DF /* Logo.png */; };
		9A4A75DC172870D5007172DF /* Logo_big.png in Resources */ = {isa = PBXBuildFile; fileRef = 9A4A75AC172870D5007172DF /* Logo_big.png */; };
		9A4A75DD172870D5007172DF /* ane.png in Resources */ = {isa = PBXBuildFile; fileRef = 9A4A75AE172870D5007172DF /* ane.png */; };
		9A4A75DE172870D5007172DF /* features.png in Resources */ = {isa = PBXBuildFile; fileRef = 9A4A75AF172870D5007172DF /* features.png */; };
		9A4A75DF172870D5007172DF /* home.png in Resources */ = {isa = PBXBuildFile; fileRef = 9A4A75B0172870D5007172DF /* home.png */; };
		9A4A75E0172870D5007172DF /* news.png in Resources */ = {isa = PBXBuildFile; fileRef = 9A4A75B1172870D5007172DF /* news.png */; };
		9A4A75E1172870D5007172DF /* opinion.png in Resources */ = {isa = PBXBuildFile; fileRef = 9A4A75B2172870D5007172DF /* opinion.png */; };
		9A4A75E2172870D5007172DF /* sports.png in Resources */ = {isa = PBXBuildFile; fileRef = 9A4A75B3172870D5007172DF /* sports.png */; };
		9AB4D3FB16DD0C76009D073A /* UIKit.framework in Frameworks */ = {isa = PBXBuildFile; fileRef = 9AB4D3FA16DD0C76009D073A /* UIKit.framework */; };
		9AB4D3FD16DD0C76009D073A /* Foundation.framework in Frameworks */ = {isa = PBXBuildFile; fileRef = 9AB4D3FC16DD0C76009D073A /* Foundation.framework */; };
		9AB4D3FF16DD0C76009D073A /* CoreGraphics.framework in Frameworks */ = {isa = PBXBuildFile; fileRef = 9AB4D3FE16DD0C76009D073A /* CoreGraphics.framework */; };
		9AB4D40516DD0C76009D073A /* InfoPlist.strings in Resources */ = {isa = PBXBuildFile; fileRef = 9AB4D40316DD0C76009D073A /* InfoPlist.strings */; };
		9AB4D40716DD0C76009D073A /* main.m in Sources */ = {isa = PBXBuildFile; fileRef = 9AB4D40616DD0C76009D073A /* main.m */; };
		9AB4D40B16DD0C76009D073A /* OrientAppDelegate.m in Sources */ = {isa = PBXBuildFile; fileRef = 9AB4D40A16DD0C76009D073A /* OrientAppDelegate.m */; };
		9AB4D40D16DD0C76009D073A /* Default.png in Resources */ = {isa = PBXBuildFile; fileRef = 9AB4D40C16DD0C76009D073A /* Default.png */; };
		9AB4D40F16DD0C76009D073A /* Default@2x.png in Resources */ = {isa = PBXBuildFile; fileRef = 9AB4D40E16DD0C76009D073A /* Default@2x.png */; };
		9AB4D41116DD0C76009D073A /* Default-568h@2x.png in Resources */ = {isa = PBXBuildFile; fileRef = 9AB4D41016DD0C76009D073A /* Default-568h@2x.png */; };
		9AB4D43516DD1431009D073A /* iPhoneStoryboard.storyboard in Resources */ = {isa = PBXBuildFile; fileRef = 9AB4D43416DD1431009D073A /* iPhoneStoryboard.storyboard */; };
		9AB4D43C16DD164D009D073A /* OrientViewController.m in Sources */ = {isa = PBXBuildFile; fileRef = 9AB4D43B16DD164D009D073A /* OrientViewController.m */; };
		9AC2E748170B75BC00DE53F1 /* OrientWebView.m in Sources */ = {isa = PBXBuildFile; fileRef = 9AC2E747170B75BC00DE53F1 /* OrientWebView.m */; };
		E49AC7BE1728787F00585469 /* OrientSectionViewController.m in Sources */ = {isa = PBXBuildFile; fileRef = E49AC7BD1728787F00585469 /* OrientSectionViewController.m */; };
		E49AC7C1172878B700585469 /* OrientSection.m in Sources */ = {isa = PBXBuildFile; fileRef = E49AC7C0172878B700585469 /* OrientSection.m */; };
/* End PBXBuildFile section */

/* Begin PBXFileReference section */
		9A344187171DA0BE0057B815 /* iPadStoryboard.storyboard */ = {isa = PBXFileReference; fileEncoding = 4; lastKnownFileType = file.storyboard; path = iPadStoryboard.storyboard; sourceTree = "<group>"; };
		9A4A757E172870D5007172DF /* minionproboldit.ttf */ = {isa = PBXFileReference; lastKnownFileType = file; path = minionproboldit.ttf; sourceTree = "<group>"; };
		9A4A757F172870D5007172DF /* minionproit.ttf */ = {isa = PBXFileReference; lastKnownFileType = file; path = minionproit.ttf; sourceTree = "<group>"; };
		9A4A7580172870D5007172DF /* minionpromedium.ttf */ = {isa = PBXFileReference; lastKnownFileType = file; path = minionpromedium.ttf; sourceTree = "<group>"; };
		9A4A7581172870D5007172DF /* minionpromediumit.ttf */ = {isa = PBXFileReference; lastKnownFileType = file; path = minionpromediumit.ttf; sourceTree = "<group>"; };
		9A4A7582172870D5007172DF /* minionproregular.ttf */ = {isa = PBXFileReference; lastKnownFileType = file; path = minionproregular.ttf; sourceTree = "<group>"; };
		9A4A7583172870D5007172DF /* minionprosemibold.ttf */ = {isa = PBXFileReference; lastKnownFileType = file; path = minionprosemibold.ttf; sourceTree = "<group>"; };
		9A4A7584172870D5007172DF /* minionprosemiboldit.ttf */ = {isa = PBXFileReference; lastKnownFileType = file; path = minionprosemiboldit.ttf; sourceTree = "<group>"; };
		9A4A7586172870D5007172DF /* MyriadPro-CondIt.otf */ = {isa = PBXFileReference; lastKnownFileType = file; path = "MyriadPro-CondIt.otf"; sourceTree = "<group>"; };
		9A4A7587172870D5007172DF /* MyriadPro-It.otf */ = {isa = PBXFileReference; lastKnownFileType = file; path = "MyriadPro-It.otf"; sourceTree = "<group>"; };
		9A4A7588172870D5007172DF /* MyriadPro-Regular.otf */ = {isa = PBXFileReference; lastKnownFileType = file; path = "MyriadPro-Regular.otf"; sourceTree = "<group>"; };
		9A4A7589172870D5007172DF /* MyriadPro-Semibold.otf */ = {isa = PBXFileReference; lastKnownFileType = file; path = "MyriadPro-Semibold.otf"; sourceTree = "<group>"; };
		9A4A758A172870D5007172DF /* MyriadPro-SemiboldIt.otf */ = {isa = PBXFileReference; lastKnownFileType = file; path = "MyriadPro-SemiboldIt.otf"; sourceTree = "<group>"; };
		9A4A758D172870D5007172DF /* minionproboldit.ttf */ = {isa = PBXFileReference; lastKnownFileType = file; path = minionproboldit.ttf; sourceTree = "<group>"; };
		9A4A758E172870D5007172DF /* minionproit.ttf */ = {isa = PBXFileReference; lastKnownFileType = file; path = minionproit.ttf; sourceTree = "<group>"; };
		9A4A758F172870D5007172DF /* minionpromedium.ttf */ = {isa = PBXFileReference; lastKnownFileType = file; path = minionpromedium.ttf; sourceTree = "<group>"; };
		9A4A7590172870D5007172DF /* minionpromediumit.ttf */ = {isa = PBXFileReference; lastKnownFileType = file; path = minionpromediumit.ttf; sourceTree = "<group>"; };
		9A4A7591172870D5007172DF /* minionproregular.ttf */ = {isa = PBXFileReference; lastKnownFileType = file; path = minionproregular.ttf; sourceTree = "<group>"; };
		9A4A7592172870D5007172DF /* minionprosemibold.ttf */ = {isa = PBXFileReference; lastKnownFileType = file; path = minionprosemibold.ttf; sourceTree = "<group>"; };
		9A4A7593172870D5007172DF /* minionprosemiboldit.ttf */ = {isa = PBXFileReference; lastKnownFileType = file; path = minionprosemiboldit.ttf; sourceTree = "<group>"; };
		9A4A7595172870D5007172DF /* MyriadPro-Bold.otf */ = {isa = PBXFileReference; lastKnownFileType = file; path = "MyriadPro-Bold.otf"; sourceTree = "<group>"; };
		9A4A7596172870D5007172DF /* MyriadPro-BoldCond.otf */ = {isa = PBXFileReference; lastKnownFileType = file; path = "MyriadPro-BoldCond.otf"; sourceTree = "<group>"; };
		9A4A7597172870D5007172DF /* MyriadPro-BoldCondIt.otf */ = {isa = PBXFileReference; lastKnownFileType = file; path = "MyriadPro-BoldCondIt.otf"; sourceTree = "<group>"; };
		9A4A7598172870D5007172DF /* MyriadPro-BoldIt.otf */ = {isa = PBXFileReference; lastKnownFileType = file; path = "MyriadPro-BoldIt.otf"; sourceTree = "<group>"; };
		9A4A7599172870D5007172DF /* MyriadPro-Cond.otf */ = {isa = PBXFileReference; lastKnownFileType = file; path = "MyriadPro-Cond.otf"; sourceTree = "<group>"; };
		9A4A759A172870D5007172DF /* MyriadPro-CondIt.otf */ = {isa = PBXFileReference; lastKnownFileType = file; path = "MyriadPro-CondIt.otf"; sourceTree = "<group>"; };
		9A4A759B172870D5007172DF /* MyriadPro-It.otf */ = {isa = PBXFileReference; lastKnownFileType = file; path = "MyriadPro-It.otf"; sourceTree = "<group>"; };
		9A4A759C172870D5007172DF /* MyriadPro-Regular.otf */ = {isa = PBXFileReference; lastKnownFileType = file; path = "MyriadPro-Regular.otf"; sourceTree = "<group>"; };
		9A4A759D172870D5007172DF /* MyriadPro-Semibold.otf */ = {isa = PBXFileReference; lastKnownFileType = file; path = "MyriadPro-Semibold.otf"; sourceTree = "<group>"; };
		9A4A759E172870D5007172DF /* MyriadPro-SemiboldIt.otf */ = {isa = PBXFileReference; lastKnownFileType = file; path = "MyriadPro-SemiboldIt.otf"; sourceTree = "<group>"; };
		9A4A75A0172870D5007172DF /* Icon-72.png */ = {isa = PBXFileReference; lastKnownFileType = image.png; path = "Icon-72.png"; sourceTree = "<group>"; };
		9A4A75A1172870D5007172DF /* Icon-72@2x.png */ = {isa = PBXFileReference; lastKnownFileType = image.png; path = "Icon-72@2x.png"; sourceTree = "<group>"; };
		9A4A75A2172870D5007172DF /* Icon-Small-50.png */ = {isa = PBXFileReference; lastKnownFileType = image.png; path = "Icon-Small-50.png"; sourceTree = "<group>"; };
		9A4A75A3172870D5007172DF /* Icon-Small-50@2x.png */ = {isa = PBXFileReference; lastKnownFileType = image.png; path = "Icon-Small-50@2x.png"; sourceTree = "<group>"; };
		9A4A75A4172870D5007172DF /* Icon-Small.png */ = {isa = PBXFileReference; lastKnownFileType = image.png; path = "Icon-Small.png"; sourceTree = "<group>"; };
		9A4A75A5172870D5007172DF /* Icon-Small@2x.png */ = {isa = PBXFileReference; lastKnownFileType = image.png; path = "Icon-Small@2x.png"; sourceTree = "<group>"; };
		9A4A75A6172870D5007172DF /* Icon.png */ = {isa = PBXFileReference; lastKnownFileType = image.png; path = Icon.png; sourceTree = "<group>"; };
		9A4A75A7172870D5007172DF /* Icon@2x.png */ = {isa = PBXFileReference; lastKnownFileType = image.png; path = "Icon@2x.png"; sourceTree = "<group>"; };
		9A4A75A8172870D5007172DF /* iTunesArtwork.png */ = {isa = PBXFileReference; lastKnownFileType = image.png; path = iTunesArtwork.png; sourceTree = "<group>"; };
		9A4A75A9172870D5007172DF /* iTunesArtwork@2x.png */ = {isa = PBXFileReference; lastKnownFileType = image.png; path = "iTunesArtwork@2x.png"; sourceTree = "<group>"; };
		9A4A75AB172870D5007172DF /* Logo.png */ = {isa = PBXFileReference; lastKnownFileType = image.png; path = Logo.png; sourceTree = "<group>"; };
		9A4A75AC172870D5007172DF /* Logo_big.png */ = {isa = PBXFileReference; lastKnownFileType = image.png; path = Logo_big.png; sourceTree = "<group>"; };
		9A4A75AE172870D5007172DF /* ane.png */ = {isa = PBXFileReference; lastKnownFileType = image.png; path = ane.png; sourceTree = "<group>"; };
		9A4A75AF172870D5007172DF /* features.png */ = {isa = PBXFileReference; lastKnownFileType = image.png; path = features.png; sourceTree = "<group>"; };
		9A4A75B0172870D5007172DF /* home.png */ = {isa = PBXFileReference; lastKnownFileType = image.png; path = home.png; sourceTree = "<group>"; };
		9A4A75B1172870D5007172DF /* news.png */ = {isa = PBXFileReference; lastKnownFileType = image.png; path = news.png; sourceTree = "<group>"; };
		9A4A75B2172870D5007172DF /* opinion.png */ = {isa = PBXFileReference; lastKnownFileType = image.png; path = opinion.png; sourceTree = "<group>"; };
		9A4A75B3172870D5007172DF /* sports.png */ = {isa = PBXFileReference; lastKnownFileType = image.png; path = sports.png; sourceTree = "<group>"; };
		9AB4D3F716DD0C76009D073A /* orientapp.app */ = {isa = PBXFileReference; explicitFileType = wrapper.application; includeInIndex = 0; path = orientapp.app; sourceTree = BUILT_PRODUCTS_DIR; };
		9AB4D3FA16DD0C76009D073A /* UIKit.framework */ = {isa = PBXFileReference; lastKnownFileType = wrapper.framework; name = UIKit.framework; path = System/Library/Frameworks/UIKit.framework; sourceTree = SDKROOT; };
		9AB4D3FC16DD0C76009D073A /* Foundation.framework */ = {isa = PBXFileReference; lastKnownFileType = wrapper.framework; name = Foundation.framework; path = System/Library/Frameworks/Foundation.framework; sourceTree = SDKROOT; };
		9AB4D3FE16DD0C76009D073A /* CoreGraphics.framework */ = {isa = PBXFileReference; lastKnownFileType = wrapper.framework; name = CoreGraphics.framework; path = System/Library/Frameworks/CoreGraphics.framework; sourceTree = SDKROOT; };
		9AB4D40216DD0C76009D073A /* orientapp-Info.plist */ = {isa = PBXFileReference; lastKnownFileType = text.plist.xml; path = "orientapp-Info.plist"; sourceTree = "<group>"; };
		9AB4D40416DD0C76009D073A /* en */ = {isa = PBXFileReference; lastKnownFileType = text.plist.strings; name = en; path = en.lproj/InfoPlist.strings; sourceTree = "<group>"; };
		9AB4D40616DD0C76009D073A /* main.m */ = {isa = PBXFileReference; lastKnownFileType = sourcecode.c.objc; path = main.m; sourceTree = "<group>"; };
		9AB4D40816DD0C76009D073A /* orientapp-Prefix.pch */ = {isa = PBXFileReference; lastKnownFileType = sourcecode.c.h; path = "orientapp-Prefix.pch"; sourceTree = "<group>"; };
		9AB4D40916DD0C76009D073A /* OrientAppDelegate.h */ = {isa = PBXFileReference; lastKnownFileType = sourcecode.c.h; path = OrientAppDelegate.h; sourceTree = "<group>"; };
		9AB4D40A16DD0C76009D073A /* OrientAppDelegate.m */ = {isa = PBXFileReference; lastKnownFileType = sourcecode.c.objc; path = OrientAppDelegate.m; sourceTree = "<group>"; };
		9AB4D40C16DD0C76009D073A /* Default.png */ = {isa = PBXFileReference; lastKnownFileType = image.png; path = Default.png; sourceTree = "<group>"; };
		9AB4D40E16DD0C76009D073A /* Default@2x.png */ = {isa = PBXFileReference; lastKnownFileType = image.png; path = "Default@2x.png"; sourceTree = "<group>"; };
		9AB4D41016DD0C76009D073A /* Default-568h@2x.png */ = {isa = PBXFileReference; lastKnownFileType = image.png; path = "Default-568h@2x.png"; sourceTree = "<group>"; };
		9AB4D43416DD1431009D073A /* iPhoneStoryboard.storyboard */ = {isa = PBXFileReference; fileEncoding = 4; lastKnownFileType = file.storyboard; path = iPhoneStoryboard.storyboard; sourceTree = "<group>"; };
		9AB4D43A16DD164D009D073A /* OrientViewController.h */ = {isa = PBXFileReference; fileEncoding = 4; lastKnownFileType = sourcecode.c.h; path = OrientViewController.h; sourceTree = "<group>"; };
		9AB4D43B16DD164D009D073A /* OrientViewController.m */ = {isa = PBXFileReference; fileEncoding = 4; lastKnownFileType = sourcecode.c.objc; path = OrientViewController.m; sourceTree = "<group>"; };
		9AC2E746170B75BC00DE53F1 /* OrientWebView.h */ = {isa = PBXFileReference; fileEncoding = 4; lastKnownFileType = sourcecode.c.h; path = OrientWebView.h; sourceTree = "<group>"; };
		9AC2E747170B75BC00DE53F1 /* OrientWebView.m */ = {isa = PBXFileReference; fileEncoding = 4; lastKnownFileType = sourcecode.c.objc; path = OrientWebView.m; sourceTree = "<group>"; };
		E49AC7BC1728787F00585469 /* OrientSectionViewController.h */ = {isa = PBXFileReference; fileEncoding = 4; lastKnownFileType = sourcecode.c.h; path = OrientSectionViewController.h; sourceTree = "<group>"; };
		E49AC7BD1728787F00585469 /* OrientSectionViewController.m */ = {isa = PBXFileReference; fileEncoding = 4; lastKnownFileType = sourcecode.c.objc; path = OrientSectionViewController.m; sourceTree = "<group>"; };
		E49AC7BF172878B700585469 /* OrientSection.h */ = {isa = PBXFileReference; fileEncoding = 4; lastKnownFileType = sourcecode.c.h; path = OrientSection.h; sourceTree = "<group>"; };
		E49AC7C0172878B700585469 /* OrientSection.m */ = {isa = PBXFileReference; fileEncoding = 4; lastKnownFileType = sourcecode.c.objc; path = OrientSection.m; sourceTree = "<group>"; };
/* End PBXFileReference section */

/* Begin PBXFrameworksBuildPhase section */
		9AB4D3F416DD0C76009D073A /* Frameworks */ = {
			isa = PBXFrameworksBuildPhase;
			buildActionMask = 2147483647;
			files = (
				9AB4D3FB16DD0C76009D073A /* UIKit.framework in Frameworks */,
				9AB4D3FD16DD0C76009D073A /* Foundation.framework in Frameworks */,
				9AB4D3FF16DD0C76009D073A /* CoreGraphics.framework in Frameworks */,
			);
			runOnlyForDeploymentPostprocessing = 0;
		};
/* End PBXFrameworksBuildPhase section */

/* Begin PBXGroup section */
		9A4A757A172870D5007172DF /* Resources */ = {
			isa = PBXGroup;
			children = (
				9A4A757B172870D5007172DF /* Fonts */,
				9A4A759F172870D5007172DF /* Icons */,
				9A4A75AA172870D5007172DF /* Images */,
			);
			path = Resources;
			sourceTree = "<group>";
		};
		9A4A757B172870D5007172DF /* Fonts */ = {
			isa = PBXGroup;
			children = (
				9A4A757C172870D5007172DF /* OTF */,
				9A4A758B172870D5007172DF /* TTF */,
			);
			path = Fonts;
			sourceTree = "<group>";
		};
		9A4A757C172870D5007172DF /* OTF */ = {
			isa = PBXGroup;
			children = (
				9A4A757D172870D5007172DF /* Minion Pro */,
				9A4A7585172870D5007172DF /* Myriad Pro */,
			);
			path = OTF;
			sourceTree = "<group>";
		};
		9A4A757D172870D5007172DF /* Minion Pro */ = {
			isa = PBXGroup;
			children = (
				9A4A757E172870D5007172DF /* minionproboldit.ttf */,
				9A4A757F172870D5007172DF /* minionproit.ttf */,
				9A4A7580172870D5007172DF /* minionpromedium.ttf */,
				9A4A7581172870D5007172DF /* minionpromediumit.ttf */,
				9A4A7582172870D5007172DF /* minionproregular.ttf */,
				9A4A7583172870D5007172DF /* minionprosemibold.ttf */,
				9A4A7584172870D5007172DF /* minionprosemiboldit.ttf */,
			);
			path = "Minion Pro";
			sourceTree = "<group>";
		};
		9A4A7585172870D5007172DF /* Myriad Pro */ = {
			isa = PBXGroup;
			children = (
				9A4A7586172870D5007172DF /* MyriadPro-CondIt.otf */,
				9A4A7587172870D5007172DF /* MyriadPro-It.otf */,
				9A4A7588172870D5007172DF /* MyriadPro-Regular.otf */,
				9A4A7589172870D5007172DF /* MyriadPro-Semibold.otf */,
				9A4A758A172870D5007172DF /* MyriadPro-SemiboldIt.otf */,
			);
			path = "Myriad Pro";
			sourceTree = "<group>";
		};
		9A4A758B172870D5007172DF /* TTF */ = {
			isa = PBXGroup;
			children = (
				9A4A758C172870D5007172DF /* Minion Pro */,
				9A4A7594172870D5007172DF /* Myriad Pro */,
			);
			path = TTF;
			sourceTree = "<group>";
		};
		9A4A758C172870D5007172DF /* Minion Pro */ = {
			isa = PBXGroup;
			children = (
				9A4A758D172870D5007172DF /* minionproboldit.ttf */,
				9A4A758E172870D5007172DF /* minionproit.ttf */,
				9A4A758F172870D5007172DF /* minionpromedium.ttf */,
				9A4A7590172870D5007172DF /* minionpromediumit.ttf */,
				9A4A7591172870D5007172DF /* minionproregular.ttf */,
				9A4A7592172870D5007172DF /* minionprosemibold.ttf */,
				9A4A7593172870D5007172DF /* minionprosemiboldit.ttf */,
			);
			path = "Minion Pro";
			sourceTree = "<group>";
		};
		9A4A7594172870D5007172DF /* Myriad Pro */ = {
			isa = PBXGroup;
			children = (
				9A4A7595172870D5007172DF /* MyriadPro-Bold.otf */,
				9A4A7596172870D5007172DF /* MyriadPro-BoldCond.otf */,
				9A4A7597172870D5007172DF /* MyriadPro-BoldCondIt.otf */,
				9A4A7598172870D5007172DF /* MyriadPro-BoldIt.otf */,
				9A4A7599172870D5007172DF /* MyriadPro-Cond.otf */,
				9A4A759A172870D5007172DF /* MyriadPro-CondIt.otf */,
				9A4A759B172870D5007172DF /* MyriadPro-It.otf */,
				9A4A759C172870D5007172DF /* MyriadPro-Regular.otf */,
				9A4A759D172870D5007172DF /* MyriadPro-Semibold.otf */,
				9A4A759E172870D5007172DF /* MyriadPro-SemiboldIt.otf */,
			);
			path = "Myriad Pro";
			sourceTree = "<group>";
		};
		9A4A759F172870D5007172DF /* Icons */ = {
			isa = PBXGroup;
			children = (
				9A4A75A0172870D5007172DF /* Icon-72.png */,
				9A4A75A1172870D5007172DF /* Icon-72@2x.png */,
				9A4A75A2172870D5007172DF /* Icon-Small-50.png */,
				9A4A75A3172870D5007172DF /* Icon-Small-50@2x.png */,
				9A4A75A4172870D5007172DF /* Icon-Small.png */,
				9A4A75A5172870D5007172DF /* Icon-Small@2x.png */,
				9A4A75A6172870D5007172DF /* Icon.png */,
				9A4A75A7172870D5007172DF /* Icon@2x.png */,
				9A4A75A8172870D5007172DF /* iTunesArtwork.png */,
				9A4A75A9172870D5007172DF /* iTunesArtwork@2x.png */,
			);
			path = Icons;
			sourceTree = "<group>";
		};
		9A4A75AA172870D5007172DF /* Images */ = {
			isa = PBXGroup;
			children = (
				9A4A75AB172870D5007172DF /* Logo.png */,
				9A4A75AC172870D5007172DF /* Logo_big.png */,
				9A4A75AD172870D5007172DF /* Sections */,
			);
			path = Images;
			sourceTree = "<group>";
		};
		9A4A75AD172870D5007172DF /* Sections */ = {
			isa = PBXGroup;
			children = (
				9A4A75AE172870D5007172DF /* ane.png */,
				9A4A75AF172870D5007172DF /* features.png */,
				9A4A75B0172870D5007172DF /* home.png */,
				9A4A75B1172870D5007172DF /* news.png */,
				9A4A75B2172870D5007172DF /* opinion.png */,
				9A4A75B3172870D5007172DF /* sports.png */,
			);
			path = Sections;
			sourceTree = "<group>";
		};
		9A9C67D71719F912009F26DB /* SectionView */ = {
			isa = PBXGroup;
			children = (
				E49AC7BC1728787F00585469 /* OrientSectionViewController.h */,
				E49AC7BD1728787F00585469 /* OrientSectionViewController.m */,
				E49AC7BF172878B700585469 /* OrientSection.h */,
				E49AC7C0172878B700585469 /* OrientSection.m */,
			);
			name = SectionView;
			sourceTree = "<group>";
		};
		9A9C67D81719F91F009F26DB /* Storyboards */ = {
			isa = PBXGroup;
			children = (
				9AB4D43416DD1431009D073A /* iPhoneStoryboard.storyboard */,
				9A344187171DA0BE0057B815 /* iPadStoryboard.storyboard */,
			);
			name = Storyboards;
			sourceTree = "<group>";
		};
		9AB4D3EE16DD0C75009D073A = {
			isa = PBXGroup;
			children = (
				9A4A757A172870D5007172DF /* Resources */,
				9AB4D40016DD0C76009D073A /* orientapp */,
				9AB4D3F916DD0C76009D073A /* Frameworks */,
				9AB4D3F816DD0C76009D073A /* Products */,
			);
			sourceTree = "<group>";
		};
		9AB4D3F816DD0C76009D073A /* Products */ = {
			isa = PBXGroup;
			children = (
				9AB4D3F716DD0C76009D073A /* orientapp.app */,
			);
			name = Products;
			sourceTree = "<group>";
		};
		9AB4D3F916DD0C76009D073A /* Frameworks */ = {
			isa = PBXGroup;
			children = (
				9AB4D3FA16DD0C76009D073A /* UIKit.framework */,
				9AB4D3FC16DD0C76009D073A /* Foundation.framework */,
				9AB4D3FE16DD0C76009D073A /* CoreGraphics.framework */,
			);
			name = Frameworks;
			sourceTree = "<group>";
		};
		9AB4D40016DD0C76009D073A /* orientapp */ = {
			isa = PBXGroup;
			children = (
				9AB4D40A16DD0C76009D073A /* OrientAppDelegate.m */,
				9AB4D40916DD0C76009D073A /* OrientAppDelegate.h */,
				9A9C67D81719F91F009F26DB /* Storyboards */,
				9A9C67D71719F912009F26DB /* SectionView */,
				9AC2E747170B75BC00DE53F1 /* OrientWebView.m */,
				9AC2E746170B75BC00DE53F1 /* OrientWebView.h */,
				9AB4D43B16DD164D009D073A /* OrientViewController.m */,
				9AB4D43A16DD164D009D073A /* OrientViewController.h */,
				9AB4D40116DD0C76009D073A /* Supporting Files */,
			);
			path = orientapp;
			sourceTree = "<group>";
		};
		9AB4D40116DD0C76009D073A /* Supporting Files */ = {
			isa = PBXGroup;
			children = (
				9AB4D40216DD0C76009D073A /* orientapp-Info.plist */,
				9AB4D40316DD0C76009D073A /* InfoPlist.strings */,
				9AB4D40616DD0C76009D073A /* main.m */,
				9AB4D40816DD0C76009D073A /* orientapp-Prefix.pch */,
				9AB4D40C16DD0C76009D073A /* Default.png */,
				9AB4D40E16DD0C76009D073A /* Default@2x.png */,
				9AB4D41016DD0C76009D073A /* Default-568h@2x.png */,
			);
			name = "Supporting Files";
			sourceTree = "<group>";
		};
/* End PBXGroup section */

/* Begin PBXNativeTarget section */
		9AB4D3F616DD0C76009D073A /* orientapp */ = {
			isa = PBXNativeTarget;
			buildConfigurationList = 9AB4D41416DD0C76009D073A /* Build configuration list for PBXNativeTarget "orientapp" */;
			buildPhases = (
				9AB4D3F316DD0C76009D073A /* Sources */,
				9AB4D3F416DD0C76009D073A /* Frameworks */,
				9AB4D3F516DD0C76009D073A /* Resources */,
			);
			buildRules = (
			);
			dependencies = (
			);
			name = orientapp;
			productName = orientapp;
			productReference = 9AB4D3F716DD0C76009D073A /* orientapp.app */;
			productType = "com.apple.product-type.application";
		};
/* End PBXNativeTarget section */

/* Begin PBXProject section */
		9AB4D3EF16DD0C76009D073A /* Project object */ = {
			isa = PBXProject;
			attributes = {
				CLASSPREFIX = Orient;
				LastUpgradeCheck = 0460;
				ORGANIZATIONNAME = com.bowdoinorient;
			};
			buildConfigurationList = 9AB4D3F216DD0C76009D073A /* Build configuration list for PBXProject "orientapp" */;
			compatibilityVersion = "Xcode 3.2";
			developmentRegion = English;
			hasScannedForEncodings = 0;
			knownRegions = (
				en,
			);
			mainGroup = 9AB4D3EE16DD0C75009D073A;
			productRefGroup = 9AB4D3F816DD0C76009D073A /* Products */;
			projectDirPath = "";
			projectRoot = "";
			targets = (
				9AB4D3F616DD0C76009D073A /* orientapp */,
			);
		};
/* End PBXProject section */

/* Begin PBXResourcesBuildPhase section */
		9AB4D3F516DD0C76009D073A /* Resources */ = {
			isa = PBXResourcesBuildPhase;
			buildActionMask = 2147483647;
			files = (
				9AB4D40516DD0C76009D073A /* InfoPlist.strings in Resources */,
				9AB4D40D16DD0C76009D073A /* Default.png in Resources */,
				9AB4D40F16DD0C76009D073A /* Default@2x.png in Resources */,
				9AB4D41116DD0C76009D073A /* Default-568h@2x.png in Resources */,
				9AB4D43516DD1431009D073A /* iPhoneStoryboard.storyboard in Resources */,
				9A344188171DA0BE0057B815 /* iPadStoryboard.storyboard in Resources */,
				9A4A75B4172870D5007172DF /* minionproboldit.ttf in Resources */,
				9A4A75B5172870D5007172DF /* minionproit.ttf in Resources */,
				9A4A75B6172870D5007172DF /* minionpromedium.ttf in Resources */,
				9A4A75B7172870D5007172DF /* minionpromediumit.ttf in Resources */,
				9A4A75B8172870D5007172DF /* minionproregular.ttf in Resources */,
				9A4A75B9172870D5007172DF /* minionprosemibold.ttf in Resources */,
				9A4A75BA172870D5007172DF /* minionprosemiboldit.ttf in Resources */,
				9A4A75BB172870D5007172DF /* MyriadPro-CondIt.otf in Resources */,
				9A4A75BC172870D5007172DF /* MyriadPro-It.otf in Resources */,
				9A4A75BD172870D5007172DF /* MyriadPro-Regular.otf in Resources */,
				9A4A75BE172870D5007172DF /* MyriadPro-Semibold.otf in Resources */,
				9A4A75BF172870D5007172DF /* MyriadPro-SemiboldIt.otf in Resources */,
				9A4A75C0172870D5007172DF /* minionproboldit.ttf in Resources */,
				9A4A75C1172870D5007172DF /* minionproit.ttf in Resources */,
				9A4A75C2172870D5007172DF /* minionpromedium.ttf in Resources */,
				9A4A75C3172870D5007172DF /* minionpromediumit.ttf in Resources */,
				9A4A75C4172870D5007172DF /* minionproregular.ttf in Resources */,
				9A4A75C5172870D5007172DF /* minionprosemibold.ttf in Resources */,
				9A4A75C6172870D5007172DF /* minionprosemiboldit.ttf in Resources */,
				9A4A75C7172870D5007172DF /* MyriadPro-Bold.otf in Resources */,
				9A4A75C8172870D5007172DF /* MyriadPro-BoldCond.otf in Resources */,
				9A4A75C9172870D5007172DF /* MyriadPro-BoldCondIt.otf in Resources */,
				9A4A75CA172870D5007172DF /* MyriadPro-BoldIt.otf in Resources */,
				9A4A75CB172870D5007172DF /* MyriadPro-Cond.otf in Resources */,
				9A4A75CC172870D5007172DF /* MyriadPro-CondIt.otf in Resources */,
				9A4A75CD172870D5007172DF /* MyriadPro-It.otf in Resources */,
				9A4A75CE172870D5007172DF /* MyriadPro-Regular.otf in Resources */,
				9A4A75CF172870D5007172DF /* MyriadPro-Semibold.otf in Resources */,
				9A4A75D0172870D5007172DF /* MyriadPro-SemiboldIt.otf in Resources */,
				9A4A75D1172870D5007172DF /* Icon-72.png in Resources */,
				9A4A75D2172870D5007172DF /* Icon-72@2x.png in Resources */,
				9A4A75D3172870D5007172DF /* Icon-Small-50.png in Resources */,
				9A4A75D4172870D5007172DF /* Icon-Small-50@2x.png in Resources */,
				9A4A75D5172870D5007172DF /* Icon-Small.png in Resources */,
				9A4A75D6172870D5007172DF /* Icon-Small@2x.png in Resources */,
				9A4A75D7172870D5007172DF /* Icon.png in Resources */,
				9A4A75D8172870D5007172DF /* Icon@2x.png in Resources */,
				9A4A75D9172870D5007172DF /* iTunesArtwork.png in Resources */,
				9A4A75DA172870D5007172DF /* iTunesArtwork@2x.png in Resources */,
				9A4A75DB172870D5007172DF /* Logo.png in Resources */,
				9A4A75DC172870D5007172DF /* Logo_big.png in Resources */,
				9A4A75DD172870D5007172DF /* ane.png in Resources */,
				9A4A75DE172870D5007172DF /* features.png in Resources */,
				9A4A75DF172870D5007172DF /* home.png in Resources */,
				9A4A75E0172870D5007172DF /* news.png in Resources */,
				9A4A75E1172870D5007172DF /* opinion.png in Resources */,
				9A4A75E2172870D5007172DF /* sports.png in Resources */,
			);
			runOnlyForDeploymentPostprocessing = 0;
		};
/* End PBXResourcesBuildPhase section */

/* Begin PBXSourcesBuildPhase section */
		9AB4D3F316DD0C76009D073A /* Sources */ = {
			isa = PBXSourcesBuildPhase;
			buildActionMask = 2147483647;
			files = (
				9AB4D40716DD0C76009D073A /* main.m in Sources */,
				9AB4D40B16DD0C76009D073A /* OrientAppDelegate.m in Sources */,
				9AB4D43C16DD164D009D073A /* OrientViewController.m in Sources */,
				9AC2E748170B75BC00DE53F1 /* OrientWebView.m in Sources */,
				E49AC7BE1728787F00585469 /* OrientSectionViewController.m in Sources */,
				E49AC7C1172878B700585469 /* OrientSection.m in Sources */,
			);
			runOnlyForDeploymentPostprocessing = 0;
		};
/* End PBXSourcesBuildPhase section */

/* Begin PBXVariantGroup section */
		9AB4D40316DD0C76009D073A /* InfoPlist.strings */ = {
			isa = PBXVariantGroup;
			children = (
				9AB4D40416DD0C76009D073A /* en */,
			);
			name = InfoPlist.strings;
			sourceTree = "<group>";
		};
/* End PBXVariantGroup section */

/* Begin XCBuildConfiguration section */
		9AB4D41216DD0C76009D073A /* Debug */ = {
			isa = XCBuildConfiguration;
			buildSettings = {
				ALWAYS_SEARCH_USER_PATHS = NO;
				CLANG_CXX_LANGUAGE_STANDARD = "gnu++0x";
				CLANG_CXX_LIBRARY = "libc++";
				CLANG_ENABLE_OBJC_ARC = YES;
				CLANG_WARN_CONSTANT_CONVERSION = YES;
				CLANG_WARN_EMPTY_BODY = YES;
				CLANG_WARN_ENUM_CONVERSION = YES;
				CLANG_WARN_INT_CONVERSION = YES;
				CLANG_WARN__DUPLICATE_METHOD_MATCH = YES;
				"CODE_SIGN_IDENTITY[sdk=iphoneos*]" = "iPhone Developer";
				COPY_PHASE_STRIP = NO;
				GCC_C_LANGUAGE_STANDARD = gnu99;
				GCC_DYNAMIC_NO_PIC = NO;
				GCC_OPTIMIZATION_LEVEL = 0;
				GCC_PREPROCESSOR_DEFINITIONS = (
					"DEBUG=1",
					"$(inherited)",
				);
				GCC_SYMBOLS_PRIVATE_EXTERN = NO;
				GCC_WARN_ABOUT_RETURN_TYPE = YES;
				GCC_WARN_UNINITIALIZED_AUTOS = YES;
				GCC_WARN_UNUSED_VARIABLE = YES;
				IPHONEOS_DEPLOYMENT_TARGET = 6.1;
				ONLY_ACTIVE_ARCH = YES;
				SDKROOT = iphoneos;
				TARGETED_DEVICE_FAMILY = "1,2";
			};
			name = Debug;
		};
		9AB4D41316DD0C76009D073A /* Release */ = {
			isa = XCBuildConfiguration;
			buildSettings = {
				ALWAYS_SEARCH_USER_PATHS = NO;
				CLANG_CXX_LANGUAGE_STANDARD = "gnu++0x";
				CLANG_CXX_LIBRARY = "libc++";
				CLANG_ENABLE_OBJC_ARC = YES;
				CLANG_WARN_CONSTANT_CONVERSION = YES;
				CLANG_WARN_EMPTY_BODY = YES;
				CLANG_WARN_ENUM_CONVERSION = YES;
				CLANG_WARN_INT_CONVERSION = YES;
				CLANG_WARN__DUPLICATE_METHOD_MATCH = YES;
				"CODE_SIGN_IDENTITY[sdk=iphoneos*]" = "iPhone Developer";
				COPY_PHASE_STRIP = YES;
				GCC_C_LANGUAGE_STANDARD = gnu99;
				GCC_WARN_ABOUT_RETURN_TYPE = YES;
				GCC_WARN_UNINITIALIZED_AUTOS = YES;
				GCC_WARN_UNUSED_VARIABLE = YES;
				IPHONEOS_DEPLOYMENT_TARGET = 6.1;
				OTHER_CFLAGS = "-DNS_BLOCK_ASSERTIONS=1";
				SDKROOT = iphoneos;
				TARGETED_DEVICE_FAMILY = "1,2";
				VALIDATE_PRODUCT = YES;
			};
			name = Release;
		};
		9AB4D41516DD0C76009D073A /* Debug */ = {
			isa = XCBuildConfiguration;
			buildSettings = {
				GCC_PRECOMPILE_PREFIX_HEADER = YES;
				GCC_PREFIX_HEADER = "orientapp/orientapp-Prefix.pch";
				INFOPLIST_FILE = "orientapp/orientapp-Info.plist";
				PRODUCT_NAME = "$(TARGET_NAME)";
				WRAPPER_EXTENSION = app;
			};
			name = Debug;
		};
		9AB4D41616DD0C76009D073A /* Release */ = {
			isa = XCBuildConfiguration;
			buildSettings = {
				GCC_PRECOMPILE_PREFIX_HEADER = YES;
				GCC_PREFIX_HEADER = "orientapp/orientapp-Prefix.pch";
				INFOPLIST_FILE = "orientapp/orientapp-Info.plist";
				PRODUCT_NAME = "$(TARGET_NAME)";
				WRAPPER_EXTENSION = app;
			};
			name = Release;
		};
/* End XCBuildConfiguration section */

/* Begin XCConfigurationList section */
		9AB4D3F216DD0C76009D073A /* Build configuration list for PBXProject "orientapp" */ = {
			isa = XCConfigurationList;
			buildConfigurations = (
				9AB4D41216DD0C76009D073A /* Debug */,
				9AB4D41316DD0C76009D073A /* Release */,
			);
			defaultConfigurationIsVisible = 0;
			defaultConfigurationName = Release;
		};
		9AB4D41416DD0C76009D073A /* Build configuration list for PBXNativeTarget "orientapp" */ = {
			isa = XCConfigurationList;
			buildConfigurations = (
				9AB4D41516DD0C76009D073A /* Debug */,
				9AB4D41616DD0C76009D073A /* Release */,
			);
			defaultConfigurationIsVisible = 0;
			defaultConfigurationName = Release;
		};
/* End XCConfigurationList section */
	};
	rootObject = 9AB4D3EF16DD0C76009D073A /* Project object */;
}
